// !$*UTF8*$!
{
	archiveVersion = 1;
	classes = {
	};
	objectVersion = 55;
	objects = {

/* Begin PBXBuildFile section */
		52006CBF2711B456001C5A22 /* AppDelegate.swift in Sources */ = {isa = PBXBuildFile; fileRef = 52006CBE2711B456001C5A22 /* AppDelegate.swift */; };
		52006CC12711B456001C5A22 /* SceneDelegate.swift in Sources */ = {isa = PBXBuildFile; fileRef = 52006CC02711B456001C5A22 /* SceneDelegate.swift */; };
		52006CC32711B456001C5A22 /* ViewController.swift in Sources */ = {isa = PBXBuildFile; fileRef = 52006CC22711B456001C5A22 /* ViewController.swift */; };
		52006CC62711B456001C5A22 /* Main.storyboard in Resources */ = {isa = PBXBuildFile; fileRef = 52006CC42711B456001C5A22 /* Main.storyboard */; };
		52006CC82711B45B001C5A22 /* Assets.xcassets in Resources */ = {isa = PBXBuildFile; fileRef = 52006CC72711B45B001C5A22 /* Assets.xcassets */; };
		52006CCB2711B45B001C5A22 /* LaunchScreen.storyboard in Resources */ = {isa = PBXBuildFile; fileRef = 52006CC92711B45B001C5A22 /* LaunchScreen.storyboard */; };
		52006CD62711B45C001C5A22 /* BaseArchTests.swift in Sources */ = {isa = PBXBuildFile; fileRef = 52006CD52711B45C001C5A22 /* BaseArchTests.swift */; };
		52006CE02711B45C001C5A22 /* BaseArchUITests.swift in Sources */ = {isa = PBXBuildFile; fileRef = 52006CDF2711B45C001C5A22 /* BaseArchUITests.swift */; };
		52006CE22711B45C001C5A22 /* BaseArchUITestsLaunchTests.swift in Sources */ = {isa = PBXBuildFile; fileRef = 52006CE12711B45C001C5A22 /* BaseArchUITestsLaunchTests.swift */; };
/* End PBXBuildFile section */

/* Begin PBXContainerItemProxy section */
		52006CD22711B45C001C5A22 /* PBXContainerItemProxy */ = {
			isa = PBXContainerItemProxy;
			containerPortal = 52006CB32711B456001C5A22 /* Project object */;
			proxyType = 1;
			remoteGlobalIDString = 52006CBA2711B456001C5A22;
			remoteInfo = BaseArch;
		};
		52006CDC2711B45C001C5A22 /* PBXContainerItemProxy */ = {
			isa = PBXContainerItemProxy;
			containerPortal = 52006CB32711B456001C5A22 /* Project object */;
			proxyType = 1;
			remoteGlobalIDString = 52006CBA2711B456001C5A22;
			remoteInfo = BaseArch;
		};
/* End PBXContainerItemProxy section */

/* Begin PBXFileReference section */
		52006CBB2711B456001C5A22 /* BaseArch.app */ = {isa = PBXFileReference; explicitFileType = wrapper.application; includeInIndex = 0; path = BaseArch.app; sourceTree = BUILT_PRODUCTS_DIR; };
		52006CBE2711B456001C5A22 /* AppDelegate.swift */ = {isa = PBXFileReference; lastKnownFileType = sourcecode.swift; path = AppDelegate.swift; sourceTree = "<group>"; };
		52006CC02711B456001C5A22 /* SceneDelegate.swift */ = {isa = PBXFileReference; lastKnownFileType = sourcecode.swift; path = SceneDelegate.swift; sourceTree = "<group>"; };
		52006CC22711B456001C5A22 /* ViewController.swift */ = {isa = PBXFileReference; lastKnownFileType = sourcecode.swift; path = ViewController.swift; sourceTree = "<group>"; };
		52006CC52711B456001C5A22 /* Base */ = {isa = PBXFileReference; lastKnownFileType = file.storyboard; name = Base; path = Base.lproj/Main.storyboard; sourceTree = "<group>"; };
		52006CC72711B45B001C5A22 /* Assets.xcassets */ = {isa = PBXFileReference; lastKnownFileType = folder.assetcatalog; path = Assets.xcassets; sourceTree = "<group>"; };
		52006CCA2711B45B001C5A22 /* Base */ = {isa = PBXFileReference; lastKnownFileType = file.storyboard; name = Base; path = Base.lproj/LaunchScreen.storyboard; sourceTree = "<group>"; };
		52006CCC2711B45B001C5A22 /* Info.plist */ = {isa = PBXFileReference; lastKnownFileType = text.plist.xml; path = Info.plist; sourceTree = "<group>"; };
		52006CD12711B45C001C5A22 /* BaseArchTests.xctest */ = {isa = PBXFileReference; explicitFileType = wrapper.cfbundle; includeInIndex = 0; path = BaseArchTests.xctest; sourceTree = BUILT_PRODUCTS_DIR; };
		52006CD52711B45C001C5A22 /* BaseArchTests.swift */ = {isa = PBXFileReference; lastKnownFileType = sourcecode.swift; path = BaseArchTests.swift; sourceTree = "<group>"; };
		52006CDB2711B45C001C5A22 /* BaseArchUITests.xctest */ = {isa = PBXFileReference; explicitFileType = wrapper.cfbundle; includeInIndex = 0; path = BaseArchUITests.xctest; sourceTree = BUILT_PRODUCTS_DIR; };
		52006CDF2711B45C001C5A22 /* BaseArchUITests.swift */ = {isa = PBXFileReference; lastKnownFileType = sourcecode.swift; path = BaseArchUITests.swift; sourceTree = "<group>"; };
		52006CE12711B45C001C5A22 /* BaseArchUITestsLaunchTests.swift */ = {isa = PBXFileReference; lastKnownFileType = sourcecode.swift; path = BaseArchUITestsLaunchTests.swift; sourceTree = "<group>"; };
/* End PBXFileReference section */

/* Begin PBXFrameworksBuildPhase section */
		52006CB82711B456001C5A22 /* Frameworks */ = {
			isa = PBXFrameworksBuildPhase;
			buildActionMask = 2147483647;
			files = (
			);
			runOnlyForDeploymentPostprocessing = 0;
		};
		52006CCE2711B45C001C5A22 /* Frameworks */ = {
			isa = PBXFrameworksBuildPhase;
			buildActionMask = 2147483647;
			files = (
			);
			runOnlyForDeploymentPostprocessing = 0;
		};
		52006CD82711B45C001C5A22 /* Frameworks */ = {
			isa = PBXFrameworksBuildPhase;
			buildActionMask = 2147483647;
			files = (
			);
			runOnlyForDeploymentPostprocessing = 0;
		};
/* End PBXFrameworksBuildPhase section */

/* Begin PBXGroup section */
		52006CB22711B456001C5A22 = {
			isa = PBXGroup;
			children = (
				52006CBD2711B456001C5A22 /* BaseArch */,
				52006CD42711B45C001C5A22 /* BaseArchTests */,
				52006CDE2711B45C001C5A22 /* BaseArchUITests */,
				52006CBC2711B456001C5A22 /* Products */,
			);
			sourceTree = "<group>";
		};
		52006CBC2711B456001C5A22 /* Products */ = {
			isa = PBXGroup;
			children = (
				52006CBB2711B456001C5A22 /* BaseArch.app */,
				52006CD12711B45C001C5A22 /* BaseArchTests.xctest */,
				52006CDB2711B45C001C5A22 /* BaseArchUITests.xctest */,
			);
			name = Products;
			sourceTree = "<group>";
		};
		52006CBD2711B456001C5A22 /* BaseArch */ = {
			isa = PBXGroup;
			children = (
				52006CBE2711B456001C5A22 /* AppDelegate.swift */,
				52006CC02711B456001C5A22 /* SceneDelegate.swift */,
				52006CC22711B456001C5A22 /* ViewController.swift */,
				52006CC42711B456001C5A22 /* Main.storyboard */,
				52006CC72711B45B001C5A22 /* Assets.xcassets */,
				52006CC92711B45B001C5A22 /* LaunchScreen.storyboard */,
				52006CCC2711B45B001C5A22 /* Info.plist */,
			);
			path = BaseArch;
			sourceTree = "<group>";
		};
		52006CD42711B45C001C5A22 /* BaseArchTests */ = {
			isa = PBXGroup;
			children = (
				52006CD52711B45C001C5A22 /* BaseArchTests.swift */,
			);
			path = BaseArchTests;
			sourceTree = "<group>";
		};
		52006CDE2711B45C001C5A22 /* BaseArchUITests */ = {
			isa = PBXGroup;
			children = (
				52006CDF2711B45C001C5A22 /* BaseArchUITests.swift */,
				52006CE12711B45C001C5A22 /* BaseArchUITestsLaunchTests.swift */,
			);
			path = BaseArchUITests;
			sourceTree = "<group>";
		};
/* End PBXGroup section */

/* Begin PBXNativeTarget section */
		52006CBA2711B456001C5A22 /* BaseArch */ = {
			isa = PBXNativeTarget;
			buildConfigurationList = 52006CE52711B45C001C5A22 /* Build configuration list for PBXNativeTarget "BaseArch" */;
			buildPhases = (
				52006CB72711B456001C5A22 /* Sources */,
				52006CB82711B456001C5A22 /* Frameworks */,
				52006CB92711B456001C5A22 /* Resources */,
			);
			buildRules = (
			);
			dependencies = (
			);
			name = BaseArch;
			productName = BaseArch;
			productReference = 52006CBB2711B456001C5A22 /* BaseArch.app */;
			productType = "com.apple.product-type.application";
		};
		52006CD02711B45C001C5A22 /* BaseArchTests */ = {
			isa = PBXNativeTarget;
			buildConfigurationList = 52006CE82711B45C001C5A22 /* Build configuration list for PBXNativeTarget "BaseArchTests" */;
			buildPhases = (
				52006CCD2711B45C001C5A22 /* Sources */,
				52006CCE2711B45C001C5A22 /* Frameworks */,
				52006CCF2711B45C001C5A22 /* Resources */,
			);
			buildRules = (
			);
			dependencies = (
				52006CD32711B45C001C5A22 /* PBXTargetDependency */,
			);
			name = BaseArchTests;
			productName = BaseArchTests;
			productReference = 52006CD12711B45C001C5A22 /* BaseArchTests.xctest */;
			productType = "com.apple.product-type.bundle.unit-test";
		};
		52006CDA2711B45C001C5A22 /* BaseArchUITests */ = {
			isa = PBXNativeTarget;
			buildConfigurationList = 52006CEB2711B45C001C5A22 /* Build configuration list for PBXNativeTarget "BaseArchUITests" */;
			buildPhases = (
				52006CD72711B45C001C5A22 /* Sources */,
				52006CD82711B45C001C5A22 /* Frameworks */,
				52006CD92711B45C001C5A22 /* Resources */,
			);
			buildRules = (
			);
			dependencies = (
				52006CDD2711B45C001C5A22 /* PBXTargetDependency */,
			);
			name = BaseArchUITests;
			productName = BaseArchUITests;
			productReference = 52006CDB2711B45C001C5A22 /* BaseArchUITests.xctest */;
			productType = "com.apple.product-type.bundle.ui-testing";
		};
/* End PBXNativeTarget section */

/* Begin PBXProject section */
		52006CB32711B456001C5A22 /* Project object */ = {
			isa = PBXProject;
			attributes = {
				BuildIndependentTargetsInParallel = 1;
				LastSwiftUpdateCheck = 1300;
				LastUpgradeCheck = 1300;
				TargetAttributes = {
					52006CBA2711B456001C5A22 = {
						CreatedOnToolsVersion = 13.0;
					};
					52006CD02711B45C001C5A22 = {
						CreatedOnToolsVersion = 13.0;
						TestTargetID = 52006CBA2711B456001C5A22;
					};
					52006CDA2711B45C001C5A22 = {
						CreatedOnToolsVersion = 13.0;
						TestTargetID = 52006CBA2711B456001C5A22;
					};
				};
			};
			buildConfigurationList = 52006CB62711B456001C5A22 /* Build configuration list for PBXProject "BaseArch" */;
			compatibilityVersion = "Xcode 13.0";
			developmentRegion = en;
			hasScannedForEncodings = 0;
			knownRegions = (
				en,
				Base,
			);
			mainGroup = 52006CB22711B456001C5A22;
			productRefGroup = 52006CBC2711B456001C5A22 /* Products */;
			projectDirPath = "";
			projectRoot = "";
			targets = (
				52006CBA2711B456001C5A22 /* BaseArch */,
				52006CD02711B45C001C5A22 /* BaseArchTests */,
				52006CDA2711B45C001C5A22 /* BaseArchUITests */,
			);
		};
/* End PBXProject section */

/* Begin PBXResourcesBuildPhase section */
		52006CB92711B456001C5A22 /* Resources */ = {
			isa = PBXResourcesBuildPhase;
			buildActionMask = 2147483647;
			files = (
				52006CCB2711B45B001C5A22 /* LaunchScreen.storyboard in Resources */,
				52006CC82711B45B001C5A22 /* Assets.xcassets in Resources */,
				52006CC62711B456001C5A22 /* Main.storyboard in Resources */,
			);
			runOnlyForDeploymentPostprocessing = 0;
		};
		52006CCF2711B45C001C5A22 /* Resources */ = {
			isa = PBXResourcesBuildPhase;
			buildActionMask = 2147483647;
			files = (
			);
			runOnlyForDeploymentPostprocessing = 0;
		};
		52006CD92711B45C001C5A22 /* Resources */ = {
			isa = PBXResourcesBuildPhase;
			buildActionMask = 2147483647;
			files = (
			);
			runOnlyForDeploymentPostprocessing = 0;
		};
/* End PBXResourcesBuildPhase section */

/* Begin PBXSourcesBuildPhase section */
		52006CB72711B456001C5A22 /* Sources */ = {
			isa = PBXSourcesBuildPhase;
			buildActionMask = 2147483647;
			files = (
				52006CC32711B456001C5A22 /* ViewController.swift in Sources */,
				52006CBF2711B456001C5A22 /* AppDelegate.swift in Sources */,
				52006CC12711B456001C5A22 /* SceneDelegate.swift in Sources */,
			);
			runOnlyForDeploymentPostprocessing = 0;
		};
		52006CCD2711B45C001C5A22 /* Sources */ = {
			isa = PBXSourcesBuildPhase;
			buildActionMask = 2147483647;
			files = (
				52006CD62711B45C001C5A22 /* BaseArchTests.swift in Sources */,
			);
			runOnlyForDeploymentPostprocessing = 0;
		};
		52006CD72711B45C001C5A22 /* Sources */ = {
			isa = PBXSourcesBuildPhase;
			buildActionMask = 2147483647;
			files = (
				52006CE22711B45C001C5A22 /* BaseArchUITestsLaunchTests.swift in Sources */,
				52006CE02711B45C001C5A22 /* BaseArchUITests.swift in Sources */,
			);
			runOnlyForDeploymentPostprocessing = 0;
		};
/* End PBXSourcesBuildPhase section */

/* Begin PBXTargetDependency section */
		52006CD32711B45C001C5A22 /* PBXTargetDependency */ = {
			isa = PBXTargetDependency;
			target = 52006CBA2711B456001C5A22 /* BaseArch */;
			targetProxy = 52006CD22711B45C001C5A22 /* PBXContainerItemProxy */;
		};
		52006CDD2711B45C001C5A22 /* PBXTargetDependency */ = {
			isa = PBXTargetDependency;
			target = 52006CBA2711B456001C5A22 /* BaseArch */;
			targetProxy = 52006CDC2711B45C001C5A22 /* PBXContainerItemProxy */;
		};
/* End PBXTargetDependency section */

/* Begin PBXVariantGroup section */
		52006CC42711B456001C5A22 /* Main.storyboard */ = {
			isa = PBXVariantGroup;
			children = (
				52006CC52711B456001C5A22 /* Base */,
			);
			name = Main.storyboard;
			sourceTree = "<group>";
		};
		52006CC92711B45B001C5A22 /* LaunchScreen.storyboard */ = {
			isa = PBXVariantGroup;
			children = (
				52006CCA2711B45B001C5A22 /* Base */,
			);
			name = LaunchScreen.storyboard;
			sourceTree = "<group>";
		};
/* End PBXVariantGroup section */

/* Begin XCBuildConfiguration section */
		52006CE32711B45C001C5A22 /* Debug */ = {
			isa = XCBuildConfiguration;
			buildSettings = {
				ALWAYS_SEARCH_USER_PATHS = NO;
				CLANG_ANALYZER_NONNULL = YES;
				CLANG_ANALYZER_NUMBER_OBJECT_CONVERSION = YES_AGGRESSIVE;
				CLANG_CXX_LANGUAGE_STANDARD = "gnu++17";
				CLANG_CXX_LIBRARY = "libc++";
				CLANG_ENABLE_MODULES = YES;
				CLANG_ENABLE_OBJC_ARC = YES;
				CLANG_ENABLE_OBJC_WEAK = YES;
				CLANG_WARN_BLOCK_CAPTURE_AUTORELEASING = YES;
				CLANG_WARN_BOOL_CONVERSION = YES;
				CLANG_WARN_COMMA = YES;
				CLANG_WARN_CONSTANT_CONVERSION = YES;
				CLANG_WARN_DEPRECATED_OBJC_IMPLEMENTATIONS = YES;
				CLANG_WARN_DIRECT_OBJC_ISA_USAGE = YES_ERROR;
				CLANG_WARN_DOCUMENTATION_COMMENTS = YES;
				CLANG_WARN_EMPTY_BODY = YES;
				CLANG_WARN_ENUM_CONVERSION = YES;
				CLANG_WARN_INFINITE_RECURSION = YES;
				CLANG_WARN_INT_CONVERSION = YES;
				CLANG_WARN_NON_LITERAL_NULL_CONVERSION = YES;
				CLANG_WARN_OBJC_IMPLICIT_RETAIN_SELF = YES;
				CLANG_WARN_OBJC_LITERAL_CONVERSION = YES;
				CLANG_WARN_OBJC_ROOT_CLASS = YES_ERROR;
				CLANG_WARN_QUOTED_INCLUDE_IN_FRAMEWORK_HEADER = YES;
				CLANG_WARN_RANGE_LOOP_ANALYSIS = YES;
				CLANG_WARN_STRICT_PROTOTYPES = YES;
				CLANG_WARN_SUSPICIOUS_MOVE = YES;
				CLANG_WARN_UNGUARDED_AVAILABILITY = YES_AGGRESSIVE;
				CLANG_WARN_UNREACHABLE_CODE = YES;
				CLANG_WARN__DUPLICATE_METHOD_MATCH = YES;
				COPY_PHASE_STRIP = NO;
				DEBUG_INFORMATION_FORMAT = dwarf;
				ENABLE_STRICT_OBJC_MSGSEND = YES;
				ENABLE_TESTABILITY = YES;
				GCC_C_LANGUAGE_STANDARD = gnu11;
				GCC_DYNAMIC_NO_PIC = NO;
				GCC_NO_COMMON_BLOCKS = YES;
				GCC_OPTIMIZATION_LEVEL = 0;
				GCC_PREPROCESSOR_DEFINITIONS = (
					"DEBUG=1",
					"$(inherited)",
				);
				GCC_WARN_64_TO_32_BIT_CONVERSION = YES;
				GCC_WARN_ABOUT_RETURN_TYPE = YES_ERROR;
				GCC_WARN_UNDECLARED_SELECTOR = YES;
				GCC_WARN_UNINITIALIZED_AUTOS = YES_AGGRESSIVE;
				GCC_WARN_UNUSED_FUNCTION = YES;
				GCC_WARN_UNUSED_VARIABLE = YES;
				IPHONEOS_DEPLOYMENT_TARGET = 15.0;
				MTL_ENABLE_DEBUG_INFO = INCLUDE_SOURCE;
				MTL_FAST_MATH = YES;
				ONLY_ACTIVE_ARCH = YES;
				SDKROOT = iphoneos;
				SWIFT_ACTIVE_COMPILATION_CONDITIONS = DEBUG;
				SWIFT_OPTIMIZATION_LEVEL = "-Onone";
			};
			name = Debug;
		};
		52006CE42711B45C001C5A22 /* Release */ = {
			isa = XCBuildConfiguration;
			buildSettings = {
				ALWAYS_SEARCH_USER_PATHS = NO;
				CLANG_ANALYZER_NONNULL = YES;
				CLANG_ANALYZER_NUMBER_OBJECT_CONVERSION = YES_AGGRESSIVE;
				CLANG_CXX_LANGUAGE_STANDARD = "gnu++17";
				CLANG_CXX_LIBRARY = "libc++";
				CLANG_ENABLE_MODULES = YES;
				CLANG_ENABLE_OBJC_ARC = YES;
				CLANG_ENABLE_OBJC_WEAK = YES;
				CLANG_WARN_BLOCK_CAPTURE_AUTORELEASING = YES;
				CLANG_WARN_BOOL_CONVERSION = YES;
				CLANG_WARN_COMMA = YES;
				CLANG_WARN_CONSTANT_CONVERSION = YES;
				CLANG_WARN_DEPRECATED_OBJC_IMPLEMENTATIONS = YES;
				CLANG_WARN_DIRECT_OBJC_ISA_USAGE = YES_ERROR;
				CLANG_WARN_DOCUMENTATION_COMMENTS = YES;
				CLANG_WARN_EMPTY_BODY = YES;
				CLANG_WARN_ENUM_CONVERSION = YES;
				CLANG_WARN_INFINITE_RECURSION = YES;
				CLANG_WARN_INT_CONVERSION = YES;
				CLANG_WARN_NON_LITERAL_NULL_CONVERSION = YES;
				CLANG_WARN_OBJC_IMPLICIT_RETAIN_SELF = YES;
				CLANG_WARN_OBJC_LITERAL_CONVERSION = YES;
				CLANG_WARN_OBJC_ROOT_CLASS = YES_ERROR;
				CLANG_WARN_QUOTED_INCLUDE_IN_FRAMEWORK_HEADER = YES;
				CLANG_WARN_RANGE_LOOP_ANALYSIS = YES;
				CLANG_WARN_STRICT_PROTOTYPES = YES;
				CLANG_WARN_SUSPICIOUS_MOVE = YES;
				CLANG_WARN_UNGUARDED_AVAILABILITY = YES_AGGRESSIVE;
				CLANG_WARN_UNREACHABLE_CODE = YES;
				CLANG_WARN__DUPLICATE_METHOD_MATCH = YES;
				COPY_PHASE_STRIP = NO;
				DEBUG_INFORMATION_FORMAT = "dwarf-with-dsym";
				ENABLE_NS_ASSERTIONS = NO;
				ENABLE_STRICT_OBJC_MSGSEND = YES;
				GCC_C_LANGUAGE_STANDARD = gnu11;
				GCC_NO_COMMON_BLOCKS = YES;
				GCC_WARN_64_TO_32_BIT_CONVERSION = YES;
				GCC_WARN_ABOUT_RETURN_TYPE = YES_ERROR;
				GCC_WARN_UNDECLARED_SELECTOR = YES;
				GCC_WARN_UNINITIALIZED_AUTOS = YES_AGGRESSIVE;
				GCC_WARN_UNUSED_FUNCTION = YES;
				GCC_WARN_UNUSED_VARIABLE = YES;
				IPHONEOS_DEPLOYMENT_TARGET = 15.0;
				MTL_ENABLE_DEBUG_INFO = NO;
				MTL_FAST_MATH = YES;
				SDKROOT = iphoneos;
				SWIFT_COMPILATION_MODE = wholemodule;
				SWIFT_OPTIMIZATION_LEVEL = "-O";
				VALIDATE_PRODUCT = YES;
			};
			name = Release;
		};
		52006CE62711B45C001C5A22 /* Debug */ = {
			isa = XCBuildConfiguration;
			buildSettings = {
				ASSETCATALOG_COMPILER_APPICON_NAME = AppIcon;
				ASSETCATALOG_COMPILER_GLOBAL_ACCENT_COLOR_NAME = AccentColor;
				CODE_SIGN_STYLE = Automatic;
				CURRENT_PROJECT_VERSION = 1;
				DEVELOPMENT_TEAM = LB7D339DT6;
				GENERATE_INFOPLIST_FILE = YES;
				INFOPLIST_FILE = BaseArch/Info.plist;
				INFOPLIST_KEY_UIApplicationSupportsIndirectInputEvents = YES;
				INFOPLIST_KEY_UILaunchStoryboardName = LaunchScreen;
				INFOPLIST_KEY_UIMainStoryboardFile = Main;
				INFOPLIST_KEY_UISupportedInterfaceOrientations_iPad = "UIInterfaceOrientationPortrait UIInterfaceOrientationPortraitUpsideDown UIInterfaceOrientationLandscapeLeft UIInterfaceOrientationLandscapeRight";
				INFOPLIST_KEY_UISupportedInterfaceOrientations_iPhone = "UIInterfaceOrientationPortrait UIInterfaceOrientationLandscapeLeft UIInterfaceOrientationLandscapeRight";
				LD_RUNPATH_SEARCH_PATHS = (
					"$(inherited)",
					"@executable_path/Frameworks",
				);
				MARKETING_VERSION = 1.0;
				PRODUCT_BUNDLE_IDENTIFIER = com.self.BaseArch;
				PRODUCT_NAME = "$(TARGET_NAME)";
				SWIFT_EMIT_LOC_STRINGS = YES;
				SWIFT_VERSION = 5.0;
				TARGETED_DEVICE_FAMILY = "1,2";
			};
			name = Debug;
		};
		52006CE72711B45C001C5A22 /* Release */ = {
			isa = XCBuildConfiguration;
			buildSettings = {
				ASSETCATALOG_COMPILER_APPICON_NAME = AppIcon;
				ASSETCATALOG_COMPILER_GLOBAL_ACCENT_COLOR_NAME = AccentColor;
				CODE_SIGN_STYLE = Automatic;
				CURRENT_PROJECT_VERSION = 1;
				DEVELOPMENT_TEAM = LB7D339DT6;
				GENERATE_INFOPLIST_FILE = YES;
				INFOPLIST_FILE = BaseArch/Info.plist;
				INFOPLIST_KEY_UIApplicationSupportsIndirectInputEvents = YES;
				INFOPLIST_KEY_UILaunchStoryboardName = LaunchScreen;
				INFOPLIST_KEY_UIMainStoryboardFile = Main;
				INFOPLIST_KEY_UISupportedInterfaceOrientations_iPad = "UIInterfaceOrientationPortrait UIInterfaceOrientationPortraitUpsideDown UIInterfaceOrientationLandscapeLeft UIInterfaceOrientationLandscapeRight";
				INFOPLIST_KEY_UISupportedInterfaceOrientations_iPhone = "UIInterfaceOrientationPortrait UIInterfaceOrientationLandscapeLeft UIInterfaceOrientationLandscapeRight";
				LD_RUNPATH_SEARCH_PATHS = (
					"$(inherited)",
					"@executable_path/Frameworks",
				);
				MARKETING_VERSION = 1.0;
				PRODUCT_BUNDLE_IDENTIFIER = com.self.BaseArch;
				PRODUCT_NAME = "$(TARGET_NAME)";
				SWIFT_EMIT_LOC_STRINGS = YES;
				SWIFT_VERSION = 5.0;
				TARGETED_DEVICE_FAMILY = "1,2";
			};
			name = Release;
		};
		52006CE92711B45C001C5A22 /* Debug */ = {
			isa = XCBuildConfiguration;
			buildSettings = {
				ALWAYS_EMBED_SWIFT_STANDARD_LIBRARIES = YES;
				BUNDLE_LOADER = "$(TEST_HOST)";
				CODE_SIGN_STYLE = Automatic;
				CURRENT_PROJECT_VERSION = 1;
				DEVELOPMENT_TEAM = LB7D339DT6;
				GENERATE_INFOPLIST_FILE = YES;
				IPHONEOS_DEPLOYMENT_TARGET = 15.0;
				LD_RUNPATH_SEARCH_PATHS = (
					"$(inherited)",
					"@executable_path/Frameworks",
					"@loader_path/Frameworks",
				);
				MARKETING_VERSION = 1.0;
				PRODUCT_BUNDLE_IDENTIFIER = com.self.BaseArchTests;
				PRODUCT_NAME = "$(TARGET_NAME)";
				SWIFT_EMIT_LOC_STRINGS = NO;
				SWIFT_VERSION = 5.0;
				TARGETED_DEVICE_FAMILY = "1,2";
				TEST_HOST = "$(BUILT_PRODUCTS_DIR)/BaseArch.app/BaseArch";
			};
			name = Debug;
		};
		52006CEA2711B45C001C5A22 /* Release */ = {
			isa = XCBuildConfiguration;
			buildSettings = {
				ALWAYS_EMBED_SWIFT_STANDARD_LIBRARIES = YES;
				BUNDLE_LOADER = "$(TEST_HOST)";
				CODE_SIGN_STYLE = Automatic;
				CURRENT_PROJECT_VERSION = 1;
				DEVELOPMENT_TEAM = LB7D339DT6;
				GENERATE_INFOPLIST_FILE = YES;
				IPHONEOS_DEPLOYMENT_TARGET = 15.0;
				LD_RUNPATH_SEARCH_PATHS = (
					"$(inherited)",
					"@executable_path/Frameworks",
					"@loader_path/Frameworks",
				);
				MARKETING_VERSION = 1.0;
				PRODUCT_BUNDLE_IDENTIFIER = com.self.BaseArchTests;
				PRODUCT_NAME = "$(TARGET_NAME)";
				SWIFT_EMIT_LOC_STRINGS = NO;
				SWIFT_VERSION = 5.0;
				TARGETED_DEVICE_FAMILY = "1,2";
				TEST_HOST = "$(BUILT_PRODUCTS_DIR)/BaseArch.app/BaseArch";
			};
			name = Release;
		};
		52006CEC2711B45C001C5A22 /* Debug */ = {
			isa = XCBuildConfiguration;
			buildSettings = {
				ALWAYS_EMBED_SWIFT_STANDARD_LIBRARIES = YES;
				CODE_SIGN_STYLE = Automatic;
				CURRENT_PROJECT_VERSION = 1;
				DEVELOPMENT_TEAM = LB7D339DT6;
				GENERATE_INFOPLIST_FILE = YES;
				LD_RUNPATH_SEARCH_PATHS = (
					"$(inherited)",
					"@executable_path/Frameworks",
					"@loader_path/Frameworks",
				);
				MARKETING_VERSION = 1.0;
				PRODUCT_BUNDLE_IDENTIFIER = com.self.BaseArchUITests;
				PRODUCT_NAME = "$(TARGET_NAME)";
				SWIFT_EMIT_LOC_STRINGS = NO;
				SWIFT_VERSION = 5.0;
				TARGETED_DEVICE_FAMILY = "1,2";
				TEST_TARGET_NAME = BaseArch;
			};
			name = Debug;
		};
		52006CED2711B45C001C5A22 /* Release */ = {
			isa = XCBuildConfiguration;
			buildSettings = {
				ALWAYS_EMBED_SWIFT_STANDARD_LIBRARIES = YES;
				CODE_SIGN_STYLE = Automatic;
				CURRENT_PROJECT_VERSION = 1;
				DEVELOPMENT_TEAM = LB7D339DT6;
				GENERATE_INFOPLIST_FILE = YES;
				LD_RUNPATH_SEARCH_PATHS = (
					"$(inherited)",
					"@executable_path/Frameworks",
					"@loader_path/Frameworks",
				);
				MARKETING_VERSION = 1.0;
				PRODUCT_BUNDLE_IDENTIFIER = com.self.BaseArchUITests;
				PRODUCT_NAME = "$(TARGET_NAME)";
				SWIFT_EMIT_LOC_STRINGS = NO;
				SWIFT_VERSION = 5.0;
				TARGETED_DEVICE_FAMILY = "1,2";
				TEST_TARGET_NAME = BaseArch;
			};
			name = Release;
		};
/* End XCBuildConfiguration section */

/* Begin XCConfigurationList section */
		52006CB62711B456001C5A22 /* Build configuration list for PBXProject "BaseArch" */ = {
			isa = XCConfigurationList;
			buildConfigurations = (
				52006CE32711B45C001C5A22 /* Debug */,
				52006CE42711B45C001C5A22 /* Release */,
			);
			defaultConfigurationIsVisible = 0;
			defaultConfigurationName = Release;
		};
		52006CE52711B45C001C5A22 /* Build configuration list for PBXNativeTarget "BaseArch" */ = {
			isa = XCConfigurationList;
			buildConfigurations = (
				52006CE62711B45C001C5A22 /* Debug */,
				52006CE72711B45C001C5A22 /* Release */,
			);
			defaultConfigurationIsVisible = 0;
			defaultConfigurationName = Release;
		};
		52006CE82711B45C001C5A22 /* Build configuration list for PBXNativeTarget "BaseArchTests" */ = {
			isa = XCConfigurationList;
			buildConfigurations = (
				52006CE92711B45C001C5A22 /* Debug */,
				52006CEA2711B45C001C5A22 /* Release */,
			);
			defaultConfigurationIsVisible = 0;
			defaultConfigurationName = Release;
		};
		52006CEB2711B45C001C5A22 /* Build configuration list for PBXNativeTarget "BaseArchUITests" */ = {
			isa = XCConfigurationList;
			buildConfigurations = (
				52006CEC2711B45C001C5A22 /* Debug */,
				52006CED2711B45C001C5A22 /* Release */,
			);
			defaultConfigurationIsVisible = 0;
			defaultConfigurationName = Release;
		};
/* End XCConfigurationList section */
	};
	rootObject = 52006CB32711B456001C5A22 /* Project object */;
}
